
Microsoft Visual Studio Solution File, Format Version 12.00
# Visual Studio Version 17
VisualStudioVersion = 17.5.2.0
MinimumVisualStudioVersion = 10.0.40219.1
Project("{FAE04EC0-301F-11D3-BF4B-00C04F79EFBC}") = "EncurtarUrl.api", "EncurtarUrl.api\EncurtarUrl.api.csproj", "{EA66C4E5-716E-DF36-E3E2-8AA84D8D5930}"
EndProject
Project("{FAE04EC0-301F-11D3-BF4B-00C04F79EFBC}") = "EncurtarUrl.Core", "EncurtarUrl.Core\EncurtarUrl.Core.csproj", "{ECAA0D7B-610E-4376-8431-63D9A5E5412A}"
EndProject
Project("{FAE04EC0-301F-11D3-BF4B-00C04F79EFBC}") = "EncurtarUrl.Web", "EncurtarUrl.Web\EncurtarUrl.Web.csproj", "{30C84868-332D-43BC-A140-0FBFB8607701}"
EndProject
Global
	GlobalSection(SolutionConfigurationPlatforms) = preSolution
		Debug|Any CPU = Debug|Any CPU
		Debug|x64 = Debug|x64
		Debug|x86 = Debug|x86
		Release|Any CPU = Release|Any CPU
		Release|x64 = Release|x64
		Release|x86 = Release|x86
	EndGlobalSection
	GlobalSection(ProjectConfigurationPlatforms) = postSolution
		{EA66C4E5-716E-DF36-E3E2-8AA84D8D5930}.Debug|Any CPU.ActiveCfg = Debug|Any CPU
		{EA66C4E5-716E-DF36-E3E2-8AA84D8D5930}.Debug|Any CPU.Build.0 = Debug|Any CPU
		{EA66C4E5-716E-DF36-E3E2-8AA84D8D5930}.Debug|x64.ActiveCfg = Debug|Any CPU
		{EA66C4E5-716E-DF36-E3E2-8AA84D8D5930}.Debug|x64.Build.0 = Debug|Any CPU
		{EA66C4E5-716E-DF36-E3E2-8AA84D8D5930}.Debug|x86.ActiveCfg = Debug|Any CPU
		{EA66C4E5-716E-DF36-E3E2-8AA84D8D5930}.Debug|x86.Build.0 = Debug|Any CPU
		{EA66C4E5-716E-DF36-E3E2-8AA84D8D5930}.Release|Any CPU.ActiveCfg = Release|Any CPU
		{EA66C4E5-716E-DF36-E3E2-8AA84D8D5930}.Release|Any CPU.Build.0 = Release|Any CPU
		{EA66C4E5-716E-DF36-E3E2-8AA84D8D5930}.Release|x64.ActiveCfg = Release|Any CPU
		{EA66C4E5-716E-DF36-E3E2-8AA84D8D5930}.Release|x64.Build.0 = Release|Any CPU
		{EA66C4E5-716E-DF36-E3E2-8AA84D8D5930}.Release|x86.ActiveCfg = Release|Any CPU
		{EA66C4E5-716E-DF36-E3E2-8AA84D8D5930}.Release|x86.Build.0 = Release|Any CPU
		{ECAA0D7B-610E-4376-8431-63D9A5E5412A}.Debug|Any CPU.ActiveCfg = Debug|Any CPU
		{ECAA0D7B-610E-4376-8431-63D9A5E5412A}.Debug|Any CPU.Build.0 = Debug|Any CPU
		{ECAA0D7B-610E-4376-8431-63D9A5E5412A}.Debug|x64.ActiveCfg = Debug|Any CPU
		{ECAA0D7B-610E-4376-8431-63D9A5E5412A}.Debug|x64.Build.0 = Debug|Any CPU
		{ECAA0D7B-610E-4376-8431-63D9A5E5412A}.Debug|x86.ActiveCfg = Debug|Any CPU
		{ECAA0D7B-610E-4376-8431-63D9A5E5412A}.Debug|x86.Build.0 = Debug|Any CPU
		{ECAA0D7B-610E-4376-8431-63D9A5E5412A}.Release|Any CPU.ActiveCfg = Release|Any CPU
		{ECAA0D7B-610E-4376-8431-63D9A5E5412A}.Release|Any CPU.Build.0 = Release|Any CPU
		{ECAA0D7B-610E-4376-8431-63D9A5E5412A}.Release|x64.ActiveCfg = Release|Any CPU
		{ECAA0D7B-610E-4376-8431-63D9A5E5412A}.Release|x64.Build.0 = Release|Any CPU
		{ECAA0D7B-610E-4376-8431-63D9A5E5412A}.Release|x86.ActiveCfg = Release|Any CPU
		{ECAA0D7B-610E-4376-8431-63D9A5E5412A}.Release|x86.Build.0 = Release|Any CPU
		{30C84868-332D-43BC-A140-0FBFB8607701}.Debug|Any CPU.ActiveCfg = Debug|Any CPU
		{30C84868-332D-43BC-A140-0FBFB8607701}.Debug|Any CPU.Build.0 = Debug|Any CPU
		{30C84868-332D-43BC-A140-0FBFB8607701}.Debug|x64.ActiveCfg = Debug|Any CPU
		{30C84868-332D-43BC-A140-0FBFB8607701}.Debug|x64.Build.0 = Debug|Any CPU
		{30C84868-332D-43BC-A140-0FBFB8607701}.Debug|x86.ActiveCfg = Debug|Any CPU
		{30C84868-332D-43BC-A140-0FBFB8607701}.Debug|x86.Build.0 = Debug|Any CPU
		{30C84868-332D-43BC-A140-0FBFB8607701}.Release|Any CPU.ActiveCfg = Release|Any CPU
		{30C84868-332D-43BC-A140-0FBFB8607701}.Release|Any CPU.Build.0 = Release|Any CPU
		{30C84868-332D-43BC-A140-0FBFB8607701}.Release|x64.ActiveCfg = Release|Any CPU
		{30C84868-332D-43BC-A140-0FBFB8607701}.Release|x64.Build.0 = Release|Any CPU
		{30C84868-332D-43BC-A140-0FBFB8607701}.Release|x86.ActiveCfg = Release|Any CPU
		{30C84868-332D-43BC-A140-0FBFB8607701}.Release|x86.Build.0 = Release|Any CPU
	EndGlobalSection
	GlobalSection(SolutionProperties) = preSolution
		HideSolutionNode = FALSE
	EndGlobalSection
	GlobalSection(ExtensibilityGlobals) = postSolution
		SolutionGuid = {F7AB2519-5FFA-48AB-85FD-DBDBF86E38B5}
	EndGlobalSection
EndGlobal
